hash: 284dacda95c5cab14d3f25964bed8e8ee0fb4174c13f3b84ec321504a959d0e7
updated: 2018-05-22T22:48:51.838114-05:00
imports:
- name: github.com/rafaeljesus/rabbus
  version: 15a5619c2bfa299a6f3aecc98a43791b5e0bcf25
  subpackages:
  - internal/amqp
- name: github.com/rafaeljesus/retry-go
  version: 5981a380a87925ee03a78a7ff13574fabc804837
- name: github.com/sony/gobreaker
  version: 3cb67c77c1d1e72fda30c6970578164d24f806b6
- name: github.com/streadway/amqp
  version: 8e4aba63da9fc5571e01c6a45dc809a58cbc5a68
- name: golang.org/x/net
  version: 2491c5de3490fced2f6cff376127c667efeed857
  subpackages:
  - context
testImports: []
